dependencies:
  button:
    component_hash: null
    source:
      path: C:\Users\xuand\esp\v5.2.1\esp-idf\examples\bluetooth\esp_ble_mesh\common_components\button
      type: local
    version: '*'
  example_init:
    component_hash: null
    source:
      path: C:\Users\xuand\esp\v5.2.1\esp-idf\examples\bluetooth\esp_ble_mesh\common_components\example_init
      type: local
    version: '*'
  example_nvs:
    component_hash: null
    source:
      path: C:\Users\xuand\esp\v5.2.1\esp-idf\examples\bluetooth\esp_ble_mesh\common_components\example_nvs
      type: local
    version: '*'
  idf:
    component_hash: null
    source:
      type: idf
    version: 5.2.1
manifest_hash: aea8b5a9bd1247ef0d3cab981380f94e4edfbef029e683ba8074efd1e4a64758
target: esp32
version: 1.0.0
